{
    "_readme": [
        "This file locks the dependencies of your project to a known state",
        "Read more about it at https://getcomposer.org/doc/01-basic-usage.md#composer-lock-the-lock-file",
        "This file is @generated automatically"
    ],
    "hash": "838a633db86120fe5843ddb042c48024",
    "content-hash": "95971989a38ca0c876146c99990b33cf",
    "packages": [
        {
            "name": "jimmiw/php-time-ago",
            "version": "0.4.10",
            "source": {
                "type": "git",
                "url": "https://github.com/jimmiw/php-time-ago.git",
                "reference": "3cb73390df4516ad4a3ff787809a553e944d7130"
            },
            "dist": {
                "type": "zip",
                "url": "https://api.github.com/repos/jimmiw/php-time-ago/zipball/3cb73390df4516ad4a3ff787809a553e944d7130",
                "reference": "3cb73390df4516ad4a3ff787809a553e944d7130",
                "shasum": ""
            },
            "require": {
                "php": ">=4"
            },
            "type": "library",
            "autoload": {
                "files": [
                    "timeago.inc.php"
                ]
            },
            "notification-url": "https://packagist.org/downloads/",
            "license": [
                "MIT"
            ],
            "authors": [
                {
                    "name": "Jimmi Westerberg",
                    "homepage": "http://www.westsworld.dk",
                    "role": "Developer"
                }
            ],
            "description": "Simple module, that displays the date in a \"time ago\" format",
            "homepage": "https://github.com/jimmiw/php-time-ago",
            "keywords": [
                "distance of time",
                "time ago",
                "time ago in words"
            ],
            "time": "2016-01-07 10:48:33"
        }
    ],
    "packages-dev": [],
    "aliases": [],
    "minimum-stability": "stable",
    "stability-flags": [],
    "prefer-stable": false,
    "prefer-lowest": false,
    "platform": [],
    "platform-dev": []
}
